
Microsoft Visual Studio Solution File, Format Version 12.00
# Visual Studio Version 17
VisualStudioVersion = 17.2.32505.173
MinimumVisualStudioVersion = 10.0.40219.1
Project("{9A19103F-16F7-4668-BE54-9A1E7A4F7556}") = "BlogPlatform", "AspWebMVC\BlogPlatform.csproj", "{DAB219B8-61BF-4ECE-8A3A-BCEB2E4CAE12}"
EndProject
Global
	GlobalSection(SolutionConfigurationPlatforms) = preSolution
		Debug|Any CPU = Debug|Any CPU
		Release|Any CPU = Release|Any CPU
	EndGlobalSection
	GlobalSection(ProjectConfigurationPlatforms) = postSolution
		{DAB219B8-61BF-4ECE-8A3A-BCEB2E4CAE12}.Debug|Any CPU.ActiveCfg = Debug|Any CPU
		{DAB219B8-61BF-4ECE-8A3A-BCEB2E4CAE12}.Debug|Any CPU.Build.0 = Debug|Any CPU
		{DAB219B8-61BF-4ECE-8A3A-BCEB2E4CAE12}.Release|Any CPU.ActiveCfg = Release|Any CPU
		{DAB219B8-61BF-4ECE-8A3A-BCEB2E4CAE12}.Release|Any CPU.Build.0 = Release|Any CPU
	EndGlobalSection
	GlobalSection(SolutionProperties) = preSolution
		HideSolutionNode = FALSE
	EndGlobalSection
	GlobalSection(ExtensibilityGlobals) = postSolution
		SolutionGuid = {BFD9633E-C594-42BD-8F7D-9106D87AF339}
	EndGlobalSection
EndGlobal
